
Microsoft Visual Studio Solution File, Format Version 12.00
Project("{FAE04EC0-301F-11D3-BF4B-00C04F79EFBC}") = "2023-12-15", "2023-12-15.csproj", "{EBEDD85F-3A69-4EC2-93DD-15A008D6C76A}"
EndProject
Global
	GlobalSection(SolutionConfigurationPlatforms) = preSolution
		Debug|Any CPU = Debug|Any CPU
		Release|Any CPU = Release|Any CPU
	EndGlobalSection
	GlobalSection(ProjectConfigurationPlatforms) = postSolution
		{EBEDD85F-3A69-4EC2-93DD-15A008D6C76A}.Debug|Any CPU.ActiveCfg = Debug|Any CPU
		{EBEDD85F-3A69-4EC2-93DD-15A008D6C76A}.Debug|Any CPU.Build.0 = Debug|Any CPU
		{EBEDD85F-3A69-4EC2-93DD-15A008D6C76A}.Release|Any CPU.ActiveCfg = Release|Any CPU
		{EBEDD85F-3A69-4EC2-93DD-15A008D6C76A}.Release|Any CPU.Build.0 = Release|Any CPU
	EndGlobalSection
EndGlobal
