
Microsoft Visual Studio Solution File, Format Version 12.00
Project("{FAE04EC0-301F-11D3-BF4B-00C04F79EFBC}") = "2023-12-21", "2023-12-21.csproj", "{9E5A3801-A432-4A2F-9A72-FB399A7D1F1A}"
EndProject
Global
	GlobalSection(SolutionConfigurationPlatforms) = preSolution
		Debug|Any CPU = Debug|Any CPU
		Release|Any CPU = Release|Any CPU
	EndGlobalSection
	GlobalSection(ProjectConfigurationPlatforms) = postSolution
		{9E5A3801-A432-4A2F-9A72-FB399A7D1F1A}.Debug|Any CPU.ActiveCfg = Debug|Any CPU
		{9E5A3801-A432-4A2F-9A72-FB399A7D1F1A}.Debug|Any CPU.Build.0 = Debug|Any CPU
		{9E5A3801-A432-4A2F-9A72-FB399A7D1F1A}.Release|Any CPU.ActiveCfg = Release|Any CPU
		{9E5A3801-A432-4A2F-9A72-FB399A7D1F1A}.Release|Any CPU.Build.0 = Release|Any CPU
	EndGlobalSection
EndGlobal
