
Microsoft Visual Studio Solution File, Format Version 12.00
Project("{FAE04EC0-301F-11D3-BF4B-00C04F79EFBC}") = "2023-12-22", "2023-12-22.csproj", "{8A1EBF45-3AC9-4EDD-BFB2-99BF9E772401}"
EndProject
Global
	GlobalSection(SolutionConfigurationPlatforms) = preSolution
		Debug|Any CPU = Debug|Any CPU
		Release|Any CPU = Release|Any CPU
	EndGlobalSection
	GlobalSection(ProjectConfigurationPlatforms) = postSolution
		{8A1EBF45-3AC9-4EDD-BFB2-99BF9E772401}.Debug|Any CPU.ActiveCfg = Debug|Any CPU
		{8A1EBF45-3AC9-4EDD-BFB2-99BF9E772401}.Debug|Any CPU.Build.0 = Debug|Any CPU
		{8A1EBF45-3AC9-4EDD-BFB2-99BF9E772401}.Release|Any CPU.ActiveCfg = Release|Any CPU
		{8A1EBF45-3AC9-4EDD-BFB2-99BF9E772401}.Release|Any CPU.Build.0 = Release|Any CPU
	EndGlobalSection
EndGlobal
