
Microsoft Visual Studio Solution File, Format Version 12.00
Project("{FAE04EC0-301F-11D3-BF4B-00C04F79EFBC}") = "2015-12-01", "2015-12-01.csproj", "{FBC4C818-6D73-488F-B829-A1871D61A019}"
EndProject
Global
	GlobalSection(SolutionConfigurationPlatforms) = preSolution
		Debug|Any CPU = Debug|Any CPU
		Release|Any CPU = Release|Any CPU
	EndGlobalSection
	GlobalSection(ProjectConfigurationPlatforms) = postSolution
		{FBC4C818-6D73-488F-B829-A1871D61A019}.Debug|Any CPU.ActiveCfg = Debug|Any CPU
		{FBC4C818-6D73-488F-B829-A1871D61A019}.Debug|Any CPU.Build.0 = Debug|Any CPU
		{FBC4C818-6D73-488F-B829-A1871D61A019}.Release|Any CPU.ActiveCfg = Release|Any CPU
		{FBC4C818-6D73-488F-B829-A1871D61A019}.Release|Any CPU.Build.0 = Release|Any CPU
	EndGlobalSection
EndGlobal
