
Microsoft Visual Studio Solution File, Format Version 12.00
Project("{FAE04EC0-301F-11D3-BF4B-00C04F79EFBC}") = "2023-12-13", "2023-12-13.csproj", "{E0DABFD5-63B9-497D-9556-89D2D090937C}"
EndProject
Global
	GlobalSection(SolutionConfigurationPlatforms) = preSolution
		Debug|Any CPU = Debug|Any CPU
		Release|Any CPU = Release|Any CPU
	EndGlobalSection
	GlobalSection(ProjectConfigurationPlatforms) = postSolution
		{E0DABFD5-63B9-497D-9556-89D2D090937C}.Debug|Any CPU.ActiveCfg = Debug|Any CPU
		{E0DABFD5-63B9-497D-9556-89D2D090937C}.Debug|Any CPU.Build.0 = Debug|Any CPU
		{E0DABFD5-63B9-497D-9556-89D2D090937C}.Release|Any CPU.ActiveCfg = Release|Any CPU
		{E0DABFD5-63B9-497D-9556-89D2D090937C}.Release|Any CPU.Build.0 = Release|Any CPU
	EndGlobalSection
EndGlobal
