
Microsoft Visual Studio Solution File, Format Version 12.00
Project("{FAE04EC0-301F-11D3-BF4B-00C04F79EFBC}") = "2015-12-04", "2015-12-04.csproj", "{74C21AAC-E882-4D78-9ADE-2A17151E435A}"
EndProject
Global
	GlobalSection(SolutionConfigurationPlatforms) = preSolution
		Debug|Any CPU = Debug|Any CPU
		Release|Any CPU = Release|Any CPU
	EndGlobalSection
	GlobalSection(ProjectConfigurationPlatforms) = postSolution
		{74C21AAC-E882-4D78-9ADE-2A17151E435A}.Debug|Any CPU.ActiveCfg = Debug|Any CPU
		{74C21AAC-E882-4D78-9ADE-2A17151E435A}.Debug|Any CPU.Build.0 = Debug|Any CPU
		{74C21AAC-E882-4D78-9ADE-2A17151E435A}.Release|Any CPU.ActiveCfg = Release|Any CPU
		{74C21AAC-E882-4D78-9ADE-2A17151E435A}.Release|Any CPU.Build.0 = Release|Any CPU
	EndGlobalSection
EndGlobal
